PODS:
  - Alamofire (4.8.2)
  - moa (11.0.1)
  - Moya (12.0.1):
    - Moya/Core (= 12.0.1)
  - Moya-ObjectMapper (2.8):
    - Moya-ObjectMapper/Core (= 2.8)
  - Moya-ObjectMapper/Core (2.8):
    - Moya (~> 12.0)
    - ObjectMapper (~> 3.4)
  - Moya/Core (12.0.1):
    - Alamofire (~> 4.1)
    - Result (~> 4.0)
  - ObjectMapper (3.5.1)
  - ReachabilitySwift (4.3.1)
  - Realm (3.17.3):
    - Realm/Headers (= 3.17.3)
  - Realm/Headers (3.17.3)
  - RealmSwift (3.17.3):
    - Realm (= 3.17.3)
  - Result (4.1.0)
  - SwiftMessages (7.0.0):
    - SwiftMessages/App (= 7.0.0)
  - SwiftMessages/App (7.0.0)
  - SwiftPullToRefresh (3.1)

DEPENDENCIES:
  - moa
  - Moya
  - Moya-ObjectMapper
  - ObjectMapper
  - ReachabilitySwift
  - RealmSwift
  - SwiftMessages
  - SwiftPullToRefresh

SPEC REPOS:
  https://github.com/cocoapods/specs.git:
    - Alamofire
    - moa
    - Moya
    - Moya-ObjectMapper
    - ObjectMapper
    - ReachabilitySwift
    - Realm
    - RealmSwift
    - Result
    - SwiftMessages
    - SwiftPullToRefresh

SPEC CHECKSUMS:
  Alamofire: ae5c501addb7afdbb13687d7f2f722c78734c2d3
  moa: a26c4e97c7ac9345e87c4bb999e85116c8ec0310
  Moya: cf730b3cd9e005401ef37a85143aa141a12fd38f
  Moya-ObjectMapper: c514b5eafcfd5e260f85f7a5bf66895a217e2b37
  ObjectMapper: 70187b8941977c62ccfb423caf6b50be405cabf0
  ReachabilitySwift: 4032e2f59586e11e3b0ebe15b167abdd587a388b
  Realm: 5a1d9d47bfc101dd597668b1a8af4288a2557f6d
  RealmSwift: b7fdc2d18616621c31df5c7a398a45a2163f8eb0
  Result: bd966fac789cc6c1563440b348ab2598cc24d5c7
  SwiftMessages: a952f7a9103d9aeab93730a2861d2d8fcdd8758f
  SwiftPullToRefresh: 80e15ed475994978fb849ffe02f75c72a846642d

PODFILE CHECKSUM: 2271af6e4eee103d1e6d600c85ceadaf05ac487e

COCOAPODS: 1.5.3
